
Microsoft Visual Studio Solution File, Format Version 12.00
# Visual Studio Version 16
VisualStudioVersion = 16.0.29905.134
MinimumVisualStudioVersion = 10.0.40219.1
Project("{FAE04EC0-301F-11D3-BF4B-00C04F79EFBC}") = "ProductCatalog.API", "ProductCatalog.API.csproj", "{BD11C503-BC7C-4600-A66B-F0612B261729}"
EndProject
Project("{FAE04EC0-301F-11D3-BF4B-00C04F79EFBC}") = "ProductCatalog.Core", "..\ProductCatalog.Core\ProductCatalog.Core.csproj", "{5923158F-5BAA-4E97-A234-9F9B5EE26FFC}"
EndProject
Project("{FAE04EC0-301F-11D3-BF4B-00C04F79EFBC}") = "ProductCatalog.Infrastructure", "..\ProductCatalog.Infrastructure\ProductCatalog.Infrastructure.csproj", "{D8601045-8001-4121-8F36-B11225A7CC84}"
EndProject
Global
	GlobalSection(SolutionConfigurationPlatforms) = preSolution
		Debug|Any CPU = Debug|Any CPU
		Release|Any CPU = Release|Any CPU
	EndGlobalSection
	GlobalSection(ProjectConfigurationPlatforms) = postSolution
		{BD11C503-BC7C-4600-A66B-F0612B261729}.Debug|Any CPU.ActiveCfg = Debug|Any CPU
		{BD11C503-BC7C-4600-A66B-F0612B261729}.Debug|Any CPU.Build.0 = Debug|Any CPU
		{BD11C503-BC7C-4600-A66B-F0612B261729}.Release|Any CPU.ActiveCfg = Release|Any CPU
		{BD11C503-BC7C-4600-A66B-F0612B261729}.Release|Any CPU.Build.0 = Release|Any CPU
		{5923158F-5BAA-4E97-A234-9F9B5EE26FFC}.Debug|Any CPU.ActiveCfg = Debug|Any CPU
		{5923158F-5BAA-4E97-A234-9F9B5EE26FFC}.Debug|Any CPU.Build.0 = Debug|Any CPU
		{5923158F-5BAA-4E97-A234-9F9B5EE26FFC}.Release|Any CPU.ActiveCfg = Release|Any CPU
		{5923158F-5BAA-4E97-A234-9F9B5EE26FFC}.Release|Any CPU.Build.0 = Release|Any CPU
		{D8601045-8001-4121-8F36-B11225A7CC84}.Debug|Any CPU.ActiveCfg = Debug|Any CPU
		{D8601045-8001-4121-8F36-B11225A7CC84}.Debug|Any CPU.Build.0 = Debug|Any CPU
		{D8601045-8001-4121-8F36-B11225A7CC84}.Release|Any CPU.ActiveCfg = Release|Any CPU
		{D8601045-8001-4121-8F36-B11225A7CC84}.Release|Any CPU.Build.0 = Release|Any CPU
	EndGlobalSection
	GlobalSection(SolutionProperties) = preSolution
		HideSolutionNode = FALSE
	EndGlobalSection
	GlobalSection(ExtensibilityGlobals) = postSolution
		SolutionGuid = {2C53736F-8177-4FC8-AF0D-61C28B8AF459}
	EndGlobalSection
EndGlobal
